
Microsoft Visual Studio Solution File, Format Version 12.00
# Visual Studio Version 17
VisualStudioVersion = 17.11.35312.102
MinimumVisualStudioVersion = 10.0.40219.1
Project("{8BC9CEB8-8B4A-11D0-8D11-00A0C91BC942}") = "TestTask", "TestTask\TestTask.vcxproj", "{60400036-8130-407D-8DB3-D0813C4AE21D}"
EndProject
Project("{2150E333-8FDC-42A3-9474-1A3956D46DE8}") = "Элементы решения", "Элементы решения", "{9141B90C-A593-4BB4-8B05-0FEFB45891D4}"
EndProject
Global
	GlobalSection(SolutionConfigurationPlatforms) = preSolution
		Debug|x64 = Debug|x64
		Debug|x86 = Debug|x86
		Release|x64 = Release|x64
		Release|x86 = Release|x86
	EndGlobalSection
	GlobalSection(ProjectConfigurationPlatforms) = postSolution
		{60400036-8130-407D-8DB3-D0813C4AE21D}.Debug|x64.ActiveCfg = Debug|x64
		{60400036-8130-407D-8DB3-D0813C4AE21D}.Debug|x64.Build.0 = Debug|x64
		{60400036-8130-407D-8DB3-D0813C4AE21D}.Debug|x86.ActiveCfg = Debug|Win32
		{60400036-8130-407D-8DB3-D0813C4AE21D}.Debug|x86.Build.0 = Debug|Win32
		{60400036-8130-407D-8DB3-D0813C4AE21D}.Release|x64.ActiveCfg = Release|x64
		{60400036-8130-407D-8DB3-D0813C4AE21D}.Release|x64.Build.0 = Release|x64
		{60400036-8130-407D-8DB3-D0813C4AE21D}.Release|x86.ActiveCfg = Release|Win32
		{60400036-8130-407D-8DB3-D0813C4AE21D}.Release|x86.Build.0 = Release|Win32
	EndGlobalSection
	GlobalSection(SolutionProperties) = preSolution
		HideSolutionNode = FALSE
	EndGlobalSection
	GlobalSection(ExtensibilityGlobals) = postSolution
		SolutionGuid = {5DA4E3A2-9C63-41A0-BA38-FEF8B84A4EF4}
	EndGlobalSection
EndGlobal
